{
    "version": 3,
    "terraform_version": "0.9.8",
    "serial": 29,
    "lineage": "0a0503b4-2b56-4dc1-82c2-ab28c0afee0d",
    "modules": [
        {
            "path": [
                "root"
            ],
            "outputs": {},
            "resources": {
                "azurerm_network_interface.packernic": {
                    "type": "azurerm_network_interface",
                    "depends_on": [
                        "azurerm_subnet.subnet",
                        "azurerm_virtual_network.virtualnetwork"
                    ],
                    "primary": {
                        "id": "/subscriptions/2349456e-4c6c-445f-aabb-676a6dfa239f/resourceGroups/EnterpriseApps-Network/providers/Microsoft.Network/networkInterfaces/terraform1",
                        "attributes": {
                            "applied_dns_servers.#": "0",
                            "dns_servers.#": "2",
                            "dns_servers.1566834447": "10.240.240.200",
                            "dns_servers.711249817": "10.240.240.201",
                            "enable_ip_forwarding": "false",
                            "id": "/subscriptions/2349456e-4c6c-445f-aabb-676a6dfa239f/resourceGroups/EnterpriseApps-Network/providers/Microsoft.Network/networkInterfaces/terraform1",
                            "ip_configuration.#": "1",
                            "ip_configuration.1706677863.load_balancer_backend_address_pools_ids.#": "0",
                            "ip_configuration.1706677863.load_balancer_inbound_nat_rules_ids.#": "0",
                            "ip_configuration.1706677863.name": "test1",
                            "ip_configuration.1706677863.private_ip_address": "",
                            "ip_configuration.1706677863.private_ip_address_allocation": "Dynamic",
                            "ip_configuration.1706677863.public_ip_address_id": "",
                            "ip_configuration.1706677863.subnet_id": "/subscriptions/2349456e-4c6c-445f-aabb-676a6dfa239f/resourceGroups/EnterpriseApps-Network/providers/Microsoft.Network/virtualNetworks/NRHL-WestUS-1/subnets/QA",
                            "location": "westus",
                            "mac_address": "00-0D-3A-31-52-2E",
                            "name": "terraform1",
                            "private_ip_address": "10.242.1.9",
                            "resource_group_name": "EnterpriseApps-Network",
                            "tags.%": "0"
                        },
                        "meta": {},
                        "tainted": false
                    },
                    "deposed": [],
                    "provider": ""
                },
                "azurerm_subnet.subnet": {
                    "type": "azurerm_subnet",
                    "depends_on": [],
                    "primary": {
                        "id": "/subscriptions/2349456e-4c6c-445f-aabb-676a6dfa239f/resourceGroups/EnterpriseApps-Network/providers/Microsoft.Network/virtualNetworks/NRHL-WestUS-1/subnets/QA",
                        "attributes": {
                            "address_prefix": "10.242.1.0/24",
                            "id": "/subscriptions/2349456e-4c6c-445f-aabb-676a6dfa239f/resourceGroups/EnterpriseApps-Network/providers/Microsoft.Network/virtualNetworks/NRHL-WestUS-1/subnets/QA",
                            "ip_configurations.#": "7",
                            "ip_configurations.1070892090": "/subscriptions/2349456e-4c6c-445f-aabb-676a6dfa239f/resourceGroups/EnterpriseApps-GP-QA/providers/Microsoft.Network/networkInterfaces/qa-az-gpapp1793/ipConfigurations/ipconfig1",
                            "ip_configurations.1574976683": "/subscriptions/2349456e-4c6c-445f-aabb-676a6dfa239f/resourceGroups/EnterpriseApps-Platform-PoC/providers/Microsoft.Network/networkInterfaces/joindomain870/ipConfigurations/ipconfig1",
                            "ip_configurations.2030571155": "/subscriptions/2349456e-4c6c-445f-aabb-676a6dfa239f/resourceGroups/EnterpriseApps-GP-QA/providers/Microsoft.Network/networkInterfaces/qa-az-gpdb1431/ipConfigurations/ipconfig1",
                            "ip_configurations.3300341927": "/subscriptions/2349456e-4c6c-445f-aabb-676a6dfa239f/resourceGroups/EnterpriseApps-GP-QA/providers/Microsoft.Network/networkInterfaces/qa-az-gpweb1588/ipConfigurations/ipconfig1",
                            "ip_configurations.3445749308": "/subscriptions/2349456e-4c6c-445f-aabb-676a6dfa239f/resourceGroups/EnterpriseApps-Network/providers/Microsoft.Network/networkInterfaces/terraform1/ipConfigurations/test1",
                            "ip_configurations.474239992": "/subscriptions/2349456e-4c6c-445f-aabb-676a6dfa239f/resourceGroups/EnterpriseApps-Network/providers/Microsoft.Network/networkInterfaces/ipconfig1/ipConfigurations/ipconfig",
                            "ip_configurations.894724263": "/subscriptions/2349456e-4c6c-445f-aabb-676a6dfa239f/resourceGroups/EnterpriseApps-Platform-PoC/providers/Microsoft.Network/networkInterfaces/packervmnic/ipConfigurations/ipconfig1",
                            "name": "QA",
                            "resource_group_name": "EnterpriseApps-Network",
                            "virtual_network_name": "NRHL-WestUS-1"
                        },
                        "meta": {},
                        "tainted": false
                    },
                    "deposed": [],
                    "provider": "azurerm"
                },
                "azurerm_virtual_machine.transfer": {
                    "type": "azurerm_virtual_machine",
                    "depends_on": [
                        "azurerm_network_interface.packernic"
                    ],
                    "primary": {
                        "id": "/subscriptions/2349456e-4c6c-445f-aabb-676a6dfa239f/resourceGroups/EnterpriseApps-Platform-PoC/providers/Microsoft.Compute/virtualMachines/terraform1",
                        "attributes": {
                            "delete_data_disks_on_termination": "false",
                            "delete_os_disk_on_termination": "false",
                            "id": "/subscriptions/2349456e-4c6c-445f-aabb-676a6dfa239f/resourceGroups/EnterpriseApps-Platform-PoC/providers/Microsoft.Compute/virtualMachines/terraform1",
                            "location": "westus",
                            "name": "terraform1",
                            "network_interface_ids.#": "1",
                            "network_interface_ids.951530591": "/subscriptions/2349456e-4c6c-445f-aabb-676a6dfa239f/resourceGroups/EnterpriseApps-Network/providers/Microsoft.Network/networkInterfaces/terraform1",
                            "os_profile.#": "1",
                            "os_profile.961683364.admin_password": "",
                            "os_profile.961683364.admin_username": "nrhladmin",
                            "os_profile.961683364.computer_name": "terraform1",
                            "os_profile.961683364.custom_data": "",
                            "os_profile_secrets.#": "0",
                            "os_profile_windows_config.#": "1",
                            "os_profile_windows_config.2256145325.additional_unattend_config.#": "0",
                            "os_profile_windows_config.2256145325.enable_automatic_upgrades": "true",
                            "os_profile_windows_config.2256145325.provision_vm_agent": "true",
                            "os_profile_windows_config.2256145325.winrm.#": "0",
                            "resource_group_name": "EnterpriseApps-Platform-PoC",
                            "storage_data_disk.#": "0",
                            "storage_image_reference.#": "0",
                            "storage_os_disk.#": "1",
                            "storage_os_disk.1193332816.caching": "ReadWrite",
                            "storage_os_disk.1193332816.create_option": "FromImage",
                            "storage_os_disk.1193332816.disk_size_gb": "0",
                            "storage_os_disk.1193332816.image_uri": "",
                            "storage_os_disk.1193332816.managed_disk_id": "",
                            "storage_os_disk.1193332816.managed_disk_type": "",
                            "storage_os_disk.1193332816.name": "terraform-osdisk",
                            "storage_os_disk.1193332816.os_type": "",
                            "storage_os_disk.1193332816.vhd_uri": "https://packerimage.blob.core.windows.net/vmcontainerd661a763-2708-4aa8-b289-7de0f0bc8952/osDisk.d661a763-2708-4aa8-b289-7de0f0bc8952.vhd",
                            "tags.%": "0",
                            "vm_size": "Standard_DS1_v2"
                        },
                        "meta": {},
                        "tainted": false
                    },
                    "deposed": [],
                    "provider": ""
                },
                "azurerm_virtual_machine_extension.joindomain": {
                    "type": "azurerm_virtual_machine_extension",
                    "depends_on": [
                        "azurerm_virtual_machine.transfer"
                    ],
                    "primary": {
                        "id": "/subscriptions/2349456e-4c6c-445f-aabb-676a6dfa239f/resourceGroups/EnterpriseApps-Platform-PoC/providers/Microsoft.Compute/virtualMachines/terraform1/extensions/join-domain",
                        "attributes": {
                            "auto_upgrade_minor_version": "false",
                            "id": "/subscriptions/2349456e-4c6c-445f-aabb-676a6dfa239f/resourceGroups/EnterpriseApps-Platform-PoC/providers/Microsoft.Compute/virtualMachines/terraform1/extensions/join-domain",
                            "location": "westus",
                            "name": "join-domain",
                            "protected_settings": "    {\n        \"Password\": \"Ganesha.12345\"\n    }\n",
                            "publisher": "Microsoft.Compute",
                            "resource_group_name": "EnterpriseApps-Platform-PoC",
                            "settings": "{\"Name\":\"hautelook.local\",\"OUPath\":\"OU=Servers,OU=hautelook, DC=hautelook, DC=local\",\"Options\":\"3\",\"Restart\":\"true\",\"User\":\"hautelook\\\\Gangahdar.Reddy\"}",
                            "tags.%": "0",
                            "type": "JsonADDomainExtension",
                            "type_handler_version": "1.0",
                            "virtual_machine_name": "terraform1"
                        },
                        "meta": {},
                        "tainted": false
                    },
                    "deposed": [],
                    "provider": ""
                },
                "azurerm_virtual_network.virtualnetwork": {
                    "type": "azurerm_virtual_network",
                    "depends_on": [],
                    "primary": {
                        "id": "/subscriptions/2349456e-4c6c-445f-aabb-676a6dfa239f/resourceGroups/EnterpriseApps-Network/providers/Microsoft.Network/virtualNetworks/NRHL-WestUS-1",
                        "attributes": {
                            "address_space.#": "1",
                            "address_space.0": "10.242.0.0/22",
                            "dns_servers.#": "0",
                            "id": "/subscriptions/2349456e-4c6c-445f-aabb-676a6dfa239f/resourceGroups/EnterpriseApps-Network/providers/Microsoft.Network/virtualNetworks/NRHL-WestUS-1",
                            "location": "westus",
                            "name": "NRHL-WestUS-1",
                            "resource_group_name": "EnterpriseApps-Network",
                            "subnet.#": "9",
                            "subnet.1443975479.address_prefix": "10.242.0.64/27",
                            "subnet.1443975479.name": "Management",
                            "subnet.1443975479.security_group": "/subscriptions/2349456e-4c6c-445f-aabb-676a6dfa239f/resourceGroups/EnterpriseApps-Network/providers/Microsoft.Network/networkSecurityGroups/NRHL-WestUS-NSG-Default",
                            "subnet.1728870589.address_prefix": "10.242.2.128/25",
                            "subnet.1728870589.name": "3PI",
                            "subnet.1728870589.security_group": "",
                            "subnet.2511737902.address_prefix": "10.242.0.32/29",
                            "subnet.2511737902.name": "Redis",
                            "subnet.2511737902.security_group": "",
                            "subnet.256570106.address_prefix": "10.242.2.0/25",
                            "subnet.256570106.name": "Staging",
                            "subnet.256570106.security_group": "",
                            "subnet.3132667017.address_prefix": "10.242.3.0/24",
                            "subnet.3132667017.name": "Production",
                            "subnet.3132667017.security_group": "",
                            "subnet.3352882153.address_prefix": "10.242.0.0/28",
                            "subnet.3352882153.name": "GatewaySubnet",
                            "subnet.3352882153.security_group": "",
                            "subnet.3614029611.address_prefix": "10.242.0.16/28",
                            "subnet.3614029611.name": "ApplicationGateway",
                            "subnet.3614029611.security_group": "",
                            "subnet.3695571377.address_prefix": "10.242.0.128/25",
                            "subnet.3695571377.name": "Development",
                            "subnet.3695571377.security_group": "",
                            "subnet.3753067786.address_prefix": "10.242.1.0/24",
                            "subnet.3753067786.name": "QA",
                            "subnet.3753067786.security_group": "",
                            "tags.%": "0"
                        },
                        "meta": {},
                        "tainted": false
                    },
                    "deposed": [],
                    "provider": ""
                }
            },
            "depends_on": []
        }
    ]
}
